
Microsoft Visual Studio Solution File, Format Version 12.00
# Visual Studio Version 17
VisualStudioVersion = 17.2.32616.157
MinimumVisualStudioVersion = 10.0.40219.1
Project("{FAE04EC0-301F-11D3-BF4B-00C04F79EFBC}") = "AppBancoDigital.Android", "AppBancoDigital\AppBancoDigital.Android\AppBancoDigital.Android.csproj", "{991639F2-D3C6-4C5A-825D-B99EABB18F13}"
EndProject
Project("{FAE04EC0-301F-11D3-BF4B-00C04F79EFBC}") = "AppBancoDigital", "AppBancoDigital\AppBancoDigital\AppBancoDigital.csproj", "{3AC2AA32-1C7B-40D8-86EF-68A40B059E93}"
EndProject
Global
	GlobalSection(SolutionConfigurationPlatforms) = preSolution
		Debug|Any CPU = Debug|Any CPU
		Release|Any CPU = Release|Any CPU
	EndGlobalSection
	GlobalSection(ProjectConfigurationPlatforms) = postSolution
		{991639F2-D3C6-4C5A-825D-B99EABB18F13}.Debug|Any CPU.ActiveCfg = Debug|Any CPU
		{991639F2-D3C6-4C5A-825D-B99EABB18F13}.Debug|Any CPU.Build.0 = Debug|Any CPU
		{991639F2-D3C6-4C5A-825D-B99EABB18F13}.Debug|Any CPU.Deploy.0 = Debug|Any CPU
		{991639F2-D3C6-4C5A-825D-B99EABB18F13}.Release|Any CPU.ActiveCfg = Release|Any CPU
		{991639F2-D3C6-4C5A-825D-B99EABB18F13}.Release|Any CPU.Build.0 = Release|Any CPU
		{991639F2-D3C6-4C5A-825D-B99EABB18F13}.Release|Any CPU.Deploy.0 = Release|Any CPU
		{3AC2AA32-1C7B-40D8-86EF-68A40B059E93}.Debug|Any CPU.ActiveCfg = Debug|Any CPU
		{3AC2AA32-1C7B-40D8-86EF-68A40B059E93}.Debug|Any CPU.Build.0 = Debug|Any CPU
		{3AC2AA32-1C7B-40D8-86EF-68A40B059E93}.Debug|Any CPU.Deploy.0 = Debug|Any CPU
		{3AC2AA32-1C7B-40D8-86EF-68A40B059E93}.Release|Any CPU.ActiveCfg = Release|Any CPU
		{3AC2AA32-1C7B-40D8-86EF-68A40B059E93}.Release|Any CPU.Build.0 = Release|Any CPU
		{3AC2AA32-1C7B-40D8-86EF-68A40B059E93}.Release|Any CPU.Deploy.0 = Release|Any CPU
	EndGlobalSection
	GlobalSection(SolutionProperties) = preSolution
		HideSolutionNode = FALSE
	EndGlobalSection
	GlobalSection(ExtensibilityGlobals) = postSolution
		SolutionGuid = {7298B8A7-2A7E-4044-B7D7-07B9485F5FD4}
	EndGlobalSection
EndGlobal
